# GENERATED FILE - DO NOT EDIT DIRECTLY
schema_version: 1

bundle:
  version: "0.4.0-dev"
  release_sequence: 0
  channel: "development"
  source_commit: "216d21e2c701338aeb6315c5ff6626056da4419d"
  digest: "sha256:81c5d2fc786ce255ab303c9453d38bc3e75bcf98a61785f9b1a2fa8e786499c1"

projection:
  input_digest: "sha256:ae3bbac04b4fbc4d09ff05bb4a4f7f836bf937714805d6d536915a0f805e8f8d"
  output_digest: "sha256:5e9616d048f1b3829c07d357b5e4fc264d6d027cfc7b33a1b3a68691aac6c9ff"
  files:
    - path: ".claude/CLAUDE.md"
      digest: "sha256:7b50d15feae7b63b94d845b2fa6e19e3220527c5b0cac69303b7fc19bd7484a8"
    - path: ".gds/compiled-policy.json"
      digest: "sha256:428eba70b01a7fcfcbfcbfd0478b266bc9f99711d39752eca391920d14b9f38d"
    - path: "AGENTS.md"
      digest: "sha256:37a41633f771e7a95804071538e67836c47c36a142237a2fb8097297b34113d8"
