# GENERATED FILE - DO NOT EDIT DIRECTLY
schema_version: 1

bundle:
  version: "0.4.0-dev"
  release_sequence: 0
  channel: "development"
  source_tree_digest: "sha256:0e4da5903e2bfc87fe02ff97347e97c8dbbc203601e2fddeba798d5735535914"
  digest: "sha256:613d31538f49527be734db050030dbafcbcca6d9715c805526004356ee965639"

projection:
  input_digest: "sha256:98cf3ffa6853bc5f58fe63f0b64a11d9a87e100329ce712da682a269973cb10b"
  output_digest: "sha256:5e9616d048f1b3829c07d357b5e4fc264d6d027cfc7b33a1b3a68691aac6c9ff"
  files:
    - path: ".claude/CLAUDE.md"
      digest: "sha256:7b50d15feae7b63b94d845b2fa6e19e3220527c5b0cac69303b7fc19bd7484a8"
    - path: ".gds/compiled-policy.json"
      digest: "sha256:428eba70b01a7fcfcbfcbfd0478b266bc9f99711d39752eca391920d14b9f38d"
    - path: "AGENTS.md"
      digest: "sha256:37a41633f771e7a95804071538e67836c47c36a142237a2fb8097297b34113d8"
